
Microsoft Visual Studio Solution File, Format Version 12.00
# Visual Studio Version 17
VisualStudioVersion = 17.5.33530.505
MinimumVisualStudioVersion = 10.0.40219.1
Project("{9A19103F-16F7-4668-BE54-9A1E7A4F7556}") = "Infrastructure", "Infrastructure\Infrastructure.csproj", "{EBB39164-20DA-463F-B7EC-0A60E36E8987}"
EndProject
Project("{FAE04EC0-301F-11D3-BF4B-00C04F79EFBC}") = "Domain", "Domain\Domain.csproj", "{3EBA185C-2DD6-467F-AF06-3B98E754079D}"
EndProject
Project("{FAE04EC0-301F-11D3-BF4B-00C04F79EFBC}") = "UI", "UI\UI.csproj", "{8FB851DC-4E1F-4A53-AD12-05495AAD78A1}"
EndProject
Project("{FAE04EC0-301F-11D3-BF4B-00C04F79EFBC}") = "Tests", "Tests\Tests.csproj", "{9CBAB15F-F508-4CEF-9152-61E9AA10EBC4}"
EndProject
Global
	GlobalSection(SolutionConfigurationPlatforms) = preSolution
		Debug|Any CPU = Debug|Any CPU
		Release|Any CPU = Release|Any CPU
	EndGlobalSection
	GlobalSection(ProjectConfigurationPlatforms) = postSolution
		{EBB39164-20DA-463F-B7EC-0A60E36E8987}.Debug|Any CPU.ActiveCfg = Debug|Any CPU
		{EBB39164-20DA-463F-B7EC-0A60E36E8987}.Debug|Any CPU.Build.0 = Debug|Any CPU
		{EBB39164-20DA-463F-B7EC-0A60E36E8987}.Release|Any CPU.ActiveCfg = Release|Any CPU
		{EBB39164-20DA-463F-B7EC-0A60E36E8987}.Release|Any CPU.Build.0 = Release|Any CPU
		{3EBA185C-2DD6-467F-AF06-3B98E754079D}.Debug|Any CPU.ActiveCfg = Debug|Any CPU
		{3EBA185C-2DD6-467F-AF06-3B98E754079D}.Debug|Any CPU.Build.0 = Debug|Any CPU
		{3EBA185C-2DD6-467F-AF06-3B98E754079D}.Release|Any CPU.ActiveCfg = Release|Any CPU
		{3EBA185C-2DD6-467F-AF06-3B98E754079D}.Release|Any CPU.Build.0 = Release|Any CPU
		{8FB851DC-4E1F-4A53-AD12-05495AAD78A1}.Debug|Any CPU.ActiveCfg = Debug|Any CPU
		{8FB851DC-4E1F-4A53-AD12-05495AAD78A1}.Debug|Any CPU.Build.0 = Debug|Any CPU
		{8FB851DC-4E1F-4A53-AD12-05495AAD78A1}.Release|Any CPU.ActiveCfg = Release|Any CPU
		{8FB851DC-4E1F-4A53-AD12-05495AAD78A1}.Release|Any CPU.Build.0 = Release|Any CPU
		{9CBAB15F-F508-4CEF-9152-61E9AA10EBC4}.Debug|Any CPU.ActiveCfg = Debug|Any CPU
		{9CBAB15F-F508-4CEF-9152-61E9AA10EBC4}.Debug|Any CPU.Build.0 = Debug|Any CPU
		{9CBAB15F-F508-4CEF-9152-61E9AA10EBC4}.Release|Any CPU.ActiveCfg = Release|Any CPU
		{9CBAB15F-F508-4CEF-9152-61E9AA10EBC4}.Release|Any CPU.Build.0 = Release|Any CPU
	EndGlobalSection
	GlobalSection(SolutionProperties) = preSolution
		HideSolutionNode = FALSE
	EndGlobalSection
	GlobalSection(ExtensibilityGlobals) = postSolution
		SolutionGuid = {F8DFBAE1-21EE-47CB-8BB0-4A6DD3ED033D}
	EndGlobalSection
EndGlobal
